
Microsoft Visual Studio Solution File, Format Version 12.00
# Visual Studio Version 17
VisualStudioVersion = 17.2.32526.322
MinimumVisualStudioVersion = 10.0.40219.1
Project("{9A19103F-16F7-4668-BE54-9A1E7A4F7556}") = "RentalManager.Core", "RentalManager.Core\RentalManager.Core.csproj", "{AC436A89-6FAB-48A9-9856-8B8812AE8A33}"
EndProject
Project("{9A19103F-16F7-4668-BE54-9A1E7A4F7556}") = "RentalManager.Infrastructure", "RentalManager.Infrastructure\RentalManager.Infrastructure.csproj", "{30308EEB-431A-4A09-967B-A9E4E554A3AC}"
EndProject
Project("{9A19103F-16F7-4668-BE54-9A1E7A4F7556}") = "RentalManager.WebAPI", "RentalManager.WebAPI\RentalManager.WebAPI.csproj", "{7CAE7EB9-2B3E-4E5A-B3C9-669F55A3B196}"
EndProject
Project("{FAE04EC0-301F-11D3-BF4B-00C04F79EFBC}") = "RentalManager.Tests", "RentalManager.Tests\RentalManager.Tests.csproj", "{4DB290C7-0333-44F3-B548-F1AFDC303363}"
EndProject
Global
	GlobalSection(SolutionConfigurationPlatforms) = preSolution
		Debug|Any CPU = Debug|Any CPU
		Release|Any CPU = Release|Any CPU
	EndGlobalSection
	GlobalSection(ProjectConfigurationPlatforms) = postSolution
		{AC436A89-6FAB-48A9-9856-8B8812AE8A33}.Debug|Any CPU.ActiveCfg = Debug|Any CPU
		{AC436A89-6FAB-48A9-9856-8B8812AE8A33}.Debug|Any CPU.Build.0 = Debug|Any CPU
		{AC436A89-6FAB-48A9-9856-8B8812AE8A33}.Release|Any CPU.ActiveCfg = Release|Any CPU
		{AC436A89-6FAB-48A9-9856-8B8812AE8A33}.Release|Any CPU.Build.0 = Release|Any CPU
		{30308EEB-431A-4A09-967B-A9E4E554A3AC}.Debug|Any CPU.ActiveCfg = Debug|Any CPU
		{30308EEB-431A-4A09-967B-A9E4E554A3AC}.Debug|Any CPU.Build.0 = Debug|Any CPU
		{30308EEB-431A-4A09-967B-A9E4E554A3AC}.Release|Any CPU.ActiveCfg = Release|Any CPU
		{30308EEB-431A-4A09-967B-A9E4E554A3AC}.Release|Any CPU.Build.0 = Release|Any CPU
		{7CAE7EB9-2B3E-4E5A-B3C9-669F55A3B196}.Debug|Any CPU.ActiveCfg = Debug|Any CPU
		{7CAE7EB9-2B3E-4E5A-B3C9-669F55A3B196}.Debug|Any CPU.Build.0 = Debug|Any CPU
		{7CAE7EB9-2B3E-4E5A-B3C9-669F55A3B196}.Release|Any CPU.ActiveCfg = Release|Any CPU
		{7CAE7EB9-2B3E-4E5A-B3C9-669F55A3B196}.Release|Any CPU.Build.0 = Release|Any CPU
		{4DB290C7-0333-44F3-B548-F1AFDC303363}.Debug|Any CPU.ActiveCfg = Debug|Any CPU
		{4DB290C7-0333-44F3-B548-F1AFDC303363}.Debug|Any CPU.Build.0 = Debug|Any CPU
		{4DB290C7-0333-44F3-B548-F1AFDC303363}.Release|Any CPU.ActiveCfg = Release|Any CPU
		{4DB290C7-0333-44F3-B548-F1AFDC303363}.Release|Any CPU.Build.0 = Release|Any CPU
	EndGlobalSection
	GlobalSection(SolutionProperties) = preSolution
		HideSolutionNode = FALSE
	EndGlobalSection
	GlobalSection(ExtensibilityGlobals) = postSolution
		SolutionGuid = {3DA4EBB7-81D8-4E59-81F6-34B9A273286A}
	EndGlobalSection
EndGlobal
